Microsoft Visual Studio Solution File, Format Version 12.00
# Visual Studio Version 17
VisualStudioVersion = 17.5.2.0
MinimumVisualStudioVersion = 10.0.40219.1
Project("{2150E333-8FDC-42A3-9474-1A3956D46DE8}") = "StructuredProgramming", "StructuredProgramming", "{7102115F-CB24-FF1B-51D6-FE4F51B4B9B0}"
EndProject
Project("{2150E333-8FDC-42A3-9474-1A3956D46DE8}") = "01-HelloWorld", "01-HelloWorld", "{BDCE5C61-1E09-3AF6-02D8-5AEA1B0D4E58}"
EndProject
Project("{FAE04EC0-301F-11D3-BF4B-00C04F79EFBC}") = "HelloWorld", "StructuredProgramming\01-HelloWorld\HelloWorld\HelloWorld.csproj", "{FB5E022C-7EB9-46AD-69E8-98BD8CB5B0FD}"
EndProject
Project("{2150E333-8FDC-42A3-9474-1A3956D46DE8}") = "02-Variables", "02-Variables", "{0ED41F35-6DBA-EF77-FEDA-66F7B512B928}"
EndProject
Project("{FAE04EC0-301F-11D3-BF4B-00C04F79EFBC}") = "Variables", "StructuredProgramming\02-Variables\Variables\Variables.csproj", "{C01FEF09-CFAA-4D8B-71D9-64981C9C0798}"
EndProject
Project("{2150E333-8FDC-42A3-9474-1A3956D46DE8}") = "03-Arrays", "03-Arrays", "{CD181492-4DE3-45BA-FBEE-36807154E0E6}"
EndProject
Project("{FAE04EC0-301F-11D3-BF4B-00C04F79EFBC}") = "Arrays", "StructuredProgramming\03-Arrays\Arrays\Arrays.csproj", "{9A74302D-568F-D6BD-0935-F9A414B89013}"
EndProject
Project("{2150E333-8FDC-42A3-9474-1A3956D46DE8}") = "04-Conditionals", "04-Conditionals", "{6B95A840-D5F1-E528-80B0-164D62FC7034}"
EndProject
Project("{FAE04EC0-301F-11D3-BF4B-00C04F79EFBC}") = "Conditionals", "StructuredProgramming\04-Conditionals\Conditionals\Conditionals.csproj", "{BEFC1A69-B5DE-5A78-E116-D67A6332431E}"
EndProject
Project("{2150E333-8FDC-42A3-9474-1A3956D46DE8}") = "05-IterationStatements", "05-IterationStatements", "{D62325AA-0DB3-AD3F-5F9B-495EC0E99E4C}"
EndProject
Project("{FAE04EC0-301F-11D3-BF4B-00C04F79EFBC}") = "Loops", "StructuredProgramming\05-IterationStatements\Loops\Loops.csproj", "{4A3968C9-5CCE-163A-07C5-B30C69164578}"
EndProject
Project("{2150E333-8FDC-42A3-9474-1A3956D46DE8}") = "06-Functions", "06-Functions", "{1B141368-D753-2417-EB95-FB1D57F4C6A7}"
EndProject
Project("{FAE04EC0-301F-11D3-BF4B-00C04F79EFBC}") = "Functions", "StructuredProgramming\06-Functions\Functions\Functions.csproj", "{6042E29F-395B-2DD5-5A5F-CD910BC24290}"
EndProject
Project("{2150E333-8FDC-42A3-9474-1A3956D46DE8}") = "07-ExerciseSP", "07-ExerciseSP", "{59C63F35-45A4-CD08-CB20-76910D7A2890}"
EndProject
Project("{FAE04EC0-301F-11D3-BF4B-00C04F79EFBC}") = "Exercise", "StructuredProgramming\07-ExerciseSP\Exercise\Exercise.csproj", "{D70D4BB4-B3F0-1D50-FAFE-3A35D4F89B55}"
EndProject
Project("{FAE04EC0-301F-11D3-BF4B-00C04F79EFBC}") = "Fizz Buzz", "StructuredProgramming\07-ExerciseSP\Fizz Buzz\Fizz Buzz.csproj", "{B497FB73-E71F-14A3-0302-417CB546EA19}"
EndProject
Global
	GlobalSection(SolutionConfigurationPlatforms) = preSolution
		Debug|Any CPU = Debug|Any CPU
		Release|Any CPU = Release|Any CPU
	EndGlobalSection
	GlobalSection(ProjectConfigurationPlatforms) = postSolution
		{FB5E022C-7EB9-46AD-69E8-98BD8CB5B0FD}.Debug|Any CPU.ActiveCfg = Debug|Any CPU
		{FB5E022C-7EB9-46AD-69E8-98BD8CB5B0FD}.Debug|Any CPU.Build.0 = Debug|Any CPU
		{FB5E022C-7EB9-46AD-69E8-98BD8CB5B0FD}.Release|Any CPU.ActiveCfg = Release|Any CPU
		{FB5E022C-7EB9-46AD-69E8-98BD8CB5B0FD}.Release|Any CPU.Build.0 = Release|Any CPU
		{C01FEF09-CFAA-4D8B-71D9-64981C9C0798}.Debug|Any CPU.ActiveCfg = Debug|Any CPU
		{C01FEF09-CFAA-4D8B-71D9-64981C9C0798}.Debug|Any CPU.Build.0 = Debug|Any CPU
		{C01FEF09-CFAA-4D8B-71D9-64981C9C0798}.Release|Any CPU.ActiveCfg = Release|Any CPU
		{C01FEF09-CFAA-4D8B-71D9-64981C9C0798}.Release|Any CPU.Build.0 = Release|Any CPU
		{9A74302D-568F-D6BD-0935-F9A414B89013}.Debug|Any CPU.ActiveCfg = Debug|Any CPU
		{9A74302D-568F-D6BD-0935-F9A414B89013}.Debug|Any CPU.Build.0 = Debug|Any CPU
		{9A74302D-568F-D6BD-0935-F9A414B89013}.Release|Any CPU.ActiveCfg = Release|Any CPU
		{9A74302D-568F-D6BD-0935-F9A414B89013}.Release|Any CPU.Build.0 = Release|Any CPU
		{BEFC1A69-B5DE-5A78-E116-D67A6332431E}.Debug|Any CPU.ActiveCfg = Debug|Any CPU
		{BEFC1A69-B5DE-5A78-E116-D67A6332431E}.Debug|Any CPU.Build.0 = Debug|Any CPU
		{BEFC1A69-B5DE-5A78-E116-D67A6332431E}.Release|Any CPU.ActiveCfg = Release|Any CPU
		{BEFC1A69-B5DE-5A78-E116-D67A6332431E}.Release|Any CPU.Build.0 = Release|Any CPU
		{4A3968C9-5CCE-163A-07C5-B30C69164578}.Debug|Any CPU.ActiveCfg = Debug|Any CPU
		{4A3968C9-5CCE-163A-07C5-B30C69164578}.Debug|Any CPU.Build.0 = Debug|Any CPU
		{4A3968C9-5CCE-163A-07C5-B30C69164578}.Release|Any CPU.ActiveCfg = Release|Any CPU
		{4A3968C9-5CCE-163A-07C5-B30C69164578}.Release|Any CPU.Build.0 = Release|Any CPU
		{6042E29F-395B-2DD5-5A5F-CD910BC24290}.Debug|Any CPU.ActiveCfg = Debug|Any CPU
		{6042E29F-395B-2DD5-5A5F-CD910BC24290}.Debug|Any CPU.Build.0 = Debug|Any CPU
		{6042E29F-395B-2DD5-5A5F-CD910BC24290}.Release|Any CPU.ActiveCfg = Release|Any CPU
		{6042E29F-395B-2DD5-5A5F-CD910BC24290}.Release|Any CPU.Build.0 = Release|Any CPU
		{D70D4BB4-B3F0-1D50-FAFE-3A35D4F89B55}.Debug|Any CPU.ActiveCfg = Debug|Any CPU
		{D70D4BB4-B3F0-1D50-FAFE-3A35D4F89B55}.Debug|Any CPU.Build.0 = Debug|Any CPU
		{D70D4BB4-B3F0-1D50-FAFE-3A35D4F89B55}.Release|Any CPU.ActiveCfg = Release|Any CPU
		{D70D4BB4-B3F0-1D50-FAFE-3A35D4F89B55}.Release|Any CPU.Build.0 = Release|Any CPU
		{B497FB73-E71F-14A3-0302-417CB546EA19}.Debug|Any CPU.ActiveCfg = Debug|Any CPU
		{B497FB73-E71F-14A3-0302-417CB546EA19}.Debug|Any CPU.Build.0 = Debug|Any CPU
		{B497FB73-E71F-14A3-0302-417CB546EA19}.Release|Any CPU.ActiveCfg = Release|Any CPU
		{B497FB73-E71F-14A3-0302-417CB546EA19}.Release|Any CPU.Build.0 = Release|Any CPU
	EndGlobalSection
	GlobalSection(SolutionProperties) = preSolution
		HideSolutionNode = FALSE
	EndGlobalSection
	GlobalSection(NestedProjects) = preSolution
		{BDCE5C61-1E09-3AF6-02D8-5AEA1B0D4E58} = {7102115F-CB24-FF1B-51D6-FE4F51B4B9B0}
		{FB5E022C-7EB9-46AD-69E8-98BD8CB5B0FD} = {BDCE5C61-1E09-3AF6-02D8-5AEA1B0D4E58}
		{0ED41F35-6DBA-EF77-FEDA-66F7B512B928} = {7102115F-CB24-FF1B-51D6-FE4F51B4B9B0}
		{C01FEF09-CFAA-4D8B-71D9-64981C9C0798} = {0ED41F35-6DBA-EF77-FEDA-66F7B512B928}
		{CD181492-4DE3-45BA-FBEE-36807154E0E6} = {7102115F-CB24-FF1B-51D6-FE4F51B4B9B0}
		{9A74302D-568F-D6BD-0935-F9A414B89013} = {CD181492-4DE3-45BA-FBEE-36807154E0E6}
		{6B95A840-D5F1-E528-80B0-164D62FC7034} = {7102115F-CB24-FF1B-51D6-FE4F51B4B9B0}
		{BEFC1A69-B5DE-5A78-E116-D67A6332431E} = {6B95A840-D5F1-E528-80B0-164D62FC7034}
		{D62325AA-0DB3-AD3F-5F9B-495EC0E99E4C} = {7102115F-CB24-FF1B-51D6-FE4F51B4B9B0}
		{4A3968C9-5CCE-163A-07C5-B30C69164578} = {D62325AA-0DB3-AD3F-5F9B-495EC0E99E4C}
		{1B141368-D753-2417-EB95-FB1D57F4C6A7} = {7102115F-CB24-FF1B-51D6-FE4F51B4B9B0}
		{6042E29F-395B-2DD5-5A5F-CD910BC24290} = {1B141368-D753-2417-EB95-FB1D57F4C6A7}
		{59C63F35-45A4-CD08-CB20-76910D7A2890} = {7102115F-CB24-FF1B-51D6-FE4F51B4B9B0}
		{D70D4BB4-B3F0-1D50-FAFE-3A35D4F89B55} = {59C63F35-45A4-CD08-CB20-76910D7A2890}
		{B497FB73-E71F-14A3-0302-417CB546EA19} = {59C63F35-45A4-CD08-CB20-76910D7A2890}
	EndGlobalSection
	GlobalSection(ExtensibilityGlobals) = postSolution
		SolutionGuid = {77FEFCA5-9116-46A1-98C8-3E3A605D13DE}
	EndGlobalSection
EndGlobal
